
Microsoft Visual Studio Solution File, Format Version 12.00
# Visual Studio Version 17
VisualStudioVersion = 17.13.35919.96 d17.13
MinimumVisualStudioVersion = 10.0.40219.1
Project("{FAE04EC0-301F-11D3-BF4B-00C04F79EFBC}") = "JobPortal", "JobPortal.csproj", "{9D760231-C99C-46CE-B072-B5C464BA60E9}"
EndProject
Global
	GlobalSection(SolutionConfigurationPlatforms) = preSolution
		Debug|Any CPU = Debug|Any CPU
		Release|Any CPU = Release|Any CPU
	EndGlobalSection
	GlobalSection(ProjectConfigurationPlatforms) = postSolution
		{9D760231-C99C-46CE-B072-B5C464BA60E9}.Debug|Any CPU.ActiveCfg = Debug|Any CPU
		{9D760231-C99C-46CE-B072-B5C464BA60E9}.Debug|Any CPU.Build.0 = Debug|Any CPU
		{9D760231-C99C-46CE-B072-B5C464BA60E9}.Release|Any CPU.ActiveCfg = Release|Any CPU
		{9D760231-C99C-46CE-B072-B5C464BA60E9}.Release|Any CPU.Build.0 = Release|Any CPU
	EndGlobalSection
	GlobalSection(SolutionProperties) = preSolution
		HideSolutionNode = FALSE
	EndGlobalSection
	GlobalSection(ExtensibilityGlobals) = postSolution
		SolutionGuid = {9727D43C-3FE4-421D-B6C9-ED5D92A7D220}
	EndGlobalSection
EndGlobal
